
Microsoft Visual Studio Solution File, Format Version 12.00
Project("{FAE04EC0-301F-11D3-BF4B-00C04F79EFBC}") = "patterns_laba_2", "patterns_laba_2\patterns_laba_2.csproj", "{5A495AF6-C239-48F0-9651-28E05AF5DC8A}"
EndProject
Global
	GlobalSection(SolutionConfigurationPlatforms) = preSolution
		Debug|Any CPU = Debug|Any CPU
		Release|Any CPU = Release|Any CPU
	EndGlobalSection
	GlobalSection(ProjectConfigurationPlatforms) = postSolution
		{5A495AF6-C239-48F0-9651-28E05AF5DC8A}.Debug|Any CPU.ActiveCfg = Debug|Any CPU
		{5A495AF6-C239-48F0-9651-28E05AF5DC8A}.Debug|Any CPU.Build.0 = Debug|Any CPU
		{5A495AF6-C239-48F0-9651-28E05AF5DC8A}.Release|Any CPU.ActiveCfg = Release|Any CPU
		{5A495AF6-C239-48F0-9651-28E05AF5DC8A}.Release|Any CPU.Build.0 = Release|Any CPU
	EndGlobalSection
EndGlobal
